
Microsoft Visual Studio Solution File, Format Version 12.00
# Visual Studio Version 17
VisualStudioVersion = 17.9.34728.123
MinimumVisualStudioVersion = 10.0.40219.1
Project("{FAE04EC0-301F-11D3-BF4B-00C04F79EFBC}") = "Rabbit.Test.Application", "Rabbit.Test.Application\Rabbit.Test.Application.csproj", "{947B9CC4-A0B1-4D76-8FDC-734C74219D8D}"
EndProject
Project("{FAE04EC0-301F-11D3-BF4B-00C04F79EFBC}") = "Rabbit.Test.Client", "Rabbit.Test.Client\Rabbit.Test.Client.csproj", "{7470D7C4-0BDD-4650-BD52-CB7FBFBA023A}"
EndProject
Global
	GlobalSection(SolutionConfigurationPlatforms) = preSolution
		Debug|Any CPU = Debug|Any CPU
		Release|Any CPU = Release|Any CPU
	EndGlobalSection
	GlobalSection(ProjectConfigurationPlatforms) = postSolution
		{947B9CC4-A0B1-4D76-8FDC-734C74219D8D}.Debug|Any CPU.ActiveCfg = Debug|Any CPU
		{947B9CC4-A0B1-4D76-8FDC-734C74219D8D}.Debug|Any CPU.Build.0 = Debug|Any CPU
		{947B9CC4-A0B1-4D76-8FDC-734C74219D8D}.Release|Any CPU.ActiveCfg = Release|Any CPU
		{947B9CC4-A0B1-4D76-8FDC-734C74219D8D}.Release|Any CPU.Build.0 = Release|Any CPU
		{7470D7C4-0BDD-4650-BD52-CB7FBFBA023A}.Debug|Any CPU.ActiveCfg = Debug|Any CPU
		{7470D7C4-0BDD-4650-BD52-CB7FBFBA023A}.Debug|Any CPU.Build.0 = Debug|Any CPU
		{7470D7C4-0BDD-4650-BD52-CB7FBFBA023A}.Release|Any CPU.ActiveCfg = Release|Any CPU
		{7470D7C4-0BDD-4650-BD52-CB7FBFBA023A}.Release|Any CPU.Build.0 = Release|Any CPU
	EndGlobalSection
	GlobalSection(SolutionProperties) = preSolution
		HideSolutionNode = FALSE
	EndGlobalSection
	GlobalSection(ExtensibilityGlobals) = postSolution
		SolutionGuid = {0B715BAE-14D8-4A7C-BA7A-2DB04D1B4B6B}
	EndGlobalSection
EndGlobal
